
Microsoft Visual Studio Solution File, Format Version 12.00
# Visual Studio Version 16
VisualStudioVersion = 16.0.29503.13
MinimumVisualStudioVersion = 10.0.40219.1
Project("{FAE04EC0-301F-11D3-BF4B-00C04F79EFBC}") = "GrKouk.Nop.Api", "GrKouk.Nop.Api\GrKouk.Nop.Api.csproj", "{3A6C4915-4317-4215-B91C-1492F35AC711}"
EndProject
Global
	GlobalSection(SolutionConfigurationPlatforms) = preSolution
		Debug|Any CPU = Debug|Any CPU
		Release|Any CPU = Release|Any CPU
	EndGlobalSection
	GlobalSection(ProjectConfigurationPlatforms) = postSolution
		{3A6C4915-4317-4215-B91C-1492F35AC711}.Debug|Any CPU.ActiveCfg = Debug|Any CPU
		{3A6C4915-4317-4215-B91C-1492F35AC711}.Debug|Any CPU.Build.0 = Debug|Any CPU
		{3A6C4915-4317-4215-B91C-1492F35AC711}.Release|Any CPU.ActiveCfg = Release|Any CPU
		{3A6C4915-4317-4215-B91C-1492F35AC711}.Release|Any CPU.Build.0 = Release|Any CPU
	EndGlobalSection
	GlobalSection(SolutionProperties) = preSolution
		HideSolutionNode = FALSE
	EndGlobalSection
	GlobalSection(ExtensibilityGlobals) = postSolution
		SolutionGuid = {54EE7588-8EFA-4EDC-AC69-E7484509BB99}
	EndGlobalSection
EndGlobal
